// !$*UTF8*$!
{
	archiveVersion = 1;
	classes = {
	};
	objectVersion = 55;
	objects = {

/* Begin PBXBuildFile section */
		43411AA0284114DB003C5182 /* AppDelegate.swift in Sources */ = {isa = PBXBuildFile; fileRef = 43411A9F284114DB003C5182 /* AppDelegate.swift */; };
		43411AA2284114DB003C5182 /* SceneDelegate.swift in Sources */ = {isa = PBXBuildFile; fileRef = 43411AA1284114DB003C5182 /* SceneDelegate.swift */; };
		43411AA4284114DB003C5182 /* ViewController.swift in Sources */ = {isa = PBXBuildFile; fileRef = 43411AA3284114DB003C5182 /* ViewController.swift */; };
		43411AA7284114DB003C5182 /* Main.storyboard in Resources */ = {isa = PBXBuildFile; fileRef = 43411AA5284114DB003C5182 /* Main.storyboard */; };
		43411AA9284114DD003C5182 /* Assets.xcassets in Resources */ = {isa = PBXBuildFile; fileRef = 43411AA8284114DD003C5182 /* Assets.xcassets */; };
		43411AAC284114DD003C5182 /* LaunchScreen.storyboard in Resources */ = {isa = PBXBuildFile; fileRef = 43411AAA284114DD003C5182 /* LaunchScreen.storyboard */; };
		43411AB7284114DD003C5182 /* TTVTests.swift in Sources */ = {isa = PBXBuildFile; fileRef = 43411AB6284114DD003C5182 /* TTVTests.swift */; };
		43411AC1284114DD003C5182 /* TTVUITests.swift in Sources */ = {isa = PBXBuildFile; fileRef = 43411AC0284114DD003C5182 /* TTVUITests.swift */; };
		43411AC3284114DD003C5182 /* TTVUITestsLaunchTests.swift in Sources */ = {isa = PBXBuildFile; fileRef = 43411AC2284114DD003C5182 /* TTVUITestsLaunchTests.swift */; };
		43411ADB2841209D003C5182 /* Poppins-Light.ttf in Resources */ = {isa = PBXBuildFile; fileRef = 43411AD62841209D003C5182 /* Poppins-Light.ttf */; };
		43411ADC2841209D003C5182 /* Poppins-Medium.ttf in Resources */ = {isa = PBXBuildFile; fileRef = 43411AD72841209D003C5182 /* Poppins-Medium.ttf */; };
		43411ADD2841209D003C5182 /* Poppins-Bold.ttf in Resources */ = {isa = PBXBuildFile; fileRef = 43411AD82841209D003C5182 /* Poppins-Bold.ttf */; };
		43411ADE2841209D003C5182 /* Poppins-Regular.ttf in Resources */ = {isa = PBXBuildFile; fileRef = 43411AD92841209D003C5182 /* Poppins-Regular.ttf */; };
		43411ADF2841209D003C5182 /* Poppins-SemiBold.ttf in Resources */ = {isa = PBXBuildFile; fileRef = 43411ADA2841209D003C5182 /* Poppins-SemiBold.ttf */; };
		4355CB412841E88700D25CBF /* LoginError.swift in Sources */ = {isa = PBXBuildFile; fileRef = 4355CB402841E88700D25CBF /* LoginError.swift */; };
		4355CB432841E9ED00D25CBF /* LoginResult.swift in Sources */ = {isa = PBXBuildFile; fileRef = 4355CB422841E9ED00D25CBF /* LoginResult.swift */; };
		4355CB452841F8A400D25CBF /* LoginViewModelTests.swift in Sources */ = {isa = PBXBuildFile; fileRef = 4355CB442841F8A400D25CBF /* LoginViewModelTests.swift */; };
		4355CB472841FB8C00D25CBF /* LoginViewController.swift in Sources */ = {isa = PBXBuildFile; fileRef = 4355CB462841FB8C00D25CBF /* LoginViewController.swift */; };
		4355CB4B284201E600D25CBF /* UITextField+Extension.swift in Sources */ = {isa = PBXBuildFile; fileRef = 4355CB4A284201E600D25CBF /* UITextField+Extension.swift */; };
		4355CB4E284211B700D25CBF /* TTVTextField.swift in Sources */ = {isa = PBXBuildFile; fileRef = 4355CB4D284211B700D25CBF /* TTVTextField.swift */; };
		4355CB502842230000D25CBF /* PopupView.swift in Sources */ = {isa = PBXBuildFile; fileRef = 4355CB4F2842230000D25CBF /* PopupView.swift */; };
		4355CB52284225B200D25CBF /* Constant.swift in Sources */ = {isa = PBXBuildFile; fileRef = 4355CB51284225B200D25CBF /* Constant.swift */; };
		437E07EC2841272E00A8EAEF /* Coordinator.swift in Sources */ = {isa = PBXBuildFile; fileRef = 437E07EB2841272E00A8EAEF /* Coordinator.swift */; };
		437E07EF2841283B00A8EAEF /* CoordinatorFinishDelegate.swift in Sources */ = {isa = PBXBuildFile; fileRef = 437E07EE2841283B00A8EAEF /* CoordinatorFinishDelegate.swift */; };
		437E07F22841289800A8EAEF /* CoordinatorType.swift in Sources */ = {isa = PBXBuildFile; fileRef = 437E07F12841289800A8EAEF /* CoordinatorType.swift */; };
		437E07F428412A6B00A8EAEF /* AppCoordinator.swift in Sources */ = {isa = PBXBuildFile; fileRef = 437E07F328412A6B00A8EAEF /* AppCoordinator.swift */; };
		437E07F628412AC200A8EAEF /* DefaultAppCoordinator.swift in Sources */ = {isa = PBXBuildFile; fileRef = 437E07F528412AC200A8EAEF /* DefaultAppCoordinator.swift */; };
		437E07FE28412E2E00A8EAEF /* SplashCoordinator.swift in Sources */ = {isa = PBXBuildFile; fileRef = 437E07FD28412E2E00A8EAEF /* SplashCoordinator.swift */; };
		437E080028412F2C00A8EAEF /* DefaultSplashCoordinator.swift in Sources */ = {isa = PBXBuildFile; fileRef = 437E07FF28412F2C00A8EAEF /* DefaultSplashCoordinator.swift */; };
		437E08022841303F00A8EAEF /* SplashViewController.swift in Sources */ = {isa = PBXBuildFile; fileRef = 437E08012841303F00A8EAEF /* SplashViewController.swift */; };
		437E08042841308500A8EAEF /* SplashViewModel.swift in Sources */ = {isa = PBXBuildFile; fileRef = 437E08032841308500A8EAEF /* SplashViewModel.swift */; };
		437E08092841326900A8EAEF /* LoginUseCase.swift in Sources */ = {isa = PBXBuildFile; fileRef = 437E08082841326900A8EAEF /* LoginUseCase.swift */; };
		437E080B2841329700A8EAEF /* DefaultLoginUseCase.swift in Sources */ = {isa = PBXBuildFile; fileRef = 437E080A2841329700A8EAEF /* DefaultLoginUseCase.swift */; };
		437E080D284135DF00A8EAEF /* SplashViewModelTests.swift in Sources */ = {isa = PBXBuildFile; fileRef = 437E080C284135DF00A8EAEF /* SplashViewModelTests.swift */; };
		437E0810284191A500A8EAEF /* BaseViewController.swift in Sources */ = {isa = PBXBuildFile; fileRef = 437E080F284191A500A8EAEF /* BaseViewController.swift */; };
		437E08152841972E00A8EAEF /* UIView+Extension.swift in Sources */ = {isa = PBXBuildFile; fileRef = 437E08142841972E00A8EAEF /* UIView+Extension.swift */; };
		437E08172841978300A8EAEF /* CALayer+Extension.swift in Sources */ = {isa = PBXBuildFile; fileRef = 437E08162841978300A8EAEF /* CALayer+Extension.swift */; };
		437E0819284197A400A8EAEF /* UILabel+Extension.swift in Sources */ = {isa = PBXBuildFile; fileRef = 437E0818284197A400A8EAEF /* UILabel+Extension.swift */; };
		437E081B2841988700A8EAEF /* UIFont+CustomFont.swift in Sources */ = {isa = PBXBuildFile; fileRef = 437E081A2841988700A8EAEF /* UIFont+CustomFont.swift */; };
		437E081D2841A6F600A8EAEF /* UIColor+Extension.swift in Sources */ = {isa = PBXBuildFile; fileRef = 437E081C2841A6F600A8EAEF /* UIColor+Extension.swift */; };
		437E08282841AF8E00A8EAEF /* IntroduceCoordinator.swift in Sources */ = {isa = PBXBuildFile; fileRef = 437E08272841AF8E00A8EAEF /* IntroduceCoordinator.swift */; };
		437E082A2841B37D00A8EAEF /* DefaultIntroduceCoordinator.swift in Sources */ = {isa = PBXBuildFile; fileRef = 437E08292841B37D00A8EAEF /* DefaultIntroduceCoordinator.swift */; };
		437E082C2841B3FD00A8EAEF /* IntroduceViewModel.swift in Sources */ = {isa = PBXBuildFile; fileRef = 437E082B2841B3FD00A8EAEF /* IntroduceViewModel.swift */; };
		437E082E2841B7D000A8EAEF /* IntroduceData.swift in Sources */ = {isa = PBXBuildFile; fileRef = 437E082D2841B7D000A8EAEF /* IntroduceData.swift */; };
		437E08302841B99C00A8EAEF /* IntroduceViewController.swift in Sources */ = {isa = PBXBuildFile; fileRef = 437E082F2841B99C00A8EAEF /* IntroduceViewController.swift */; };
		437E08322841CA2200A8EAEF /* UIColor+CustomColor.swift in Sources */ = {isa = PBXBuildFile; fileRef = 437E08312841CA2200A8EAEF /* UIColor+CustomColor.swift */; };
		437E08342841D9B200A8EAEF /* IntroduceViewModelTests.swift in Sources */ = {isa = PBXBuildFile; fileRef = 437E08332841D9B100A8EAEF /* IntroduceViewModelTests.swift */; };
		437E08402841E0AB00A8EAEF /* LoginCoordinator.swift in Sources */ = {isa = PBXBuildFile; fileRef = 437E083F2841E0AB00A8EAEF /* LoginCoordinator.swift */; };
		437E08422841E0F000A8EAEF /* DefaultLoginCoordinator.swift in Sources */ = {isa = PBXBuildFile; fileRef = 437E08412841E0F000A8EAEF /* DefaultLoginCoordinator.swift */; };
		437E08442841E13C00A8EAEF /* LoginViewModel.swift in Sources */ = {isa = PBXBuildFile; fileRef = 437E08432841E13C00A8EAEF /* LoginViewModel.swift */; };
		438A612D23B25BE3B4437ACB /* Pods_TTVTests.framework in Frameworks */ = {isa = PBXBuildFile; fileRef = AAECA1862E51CAE60DA22349 /* Pods_TTVTests.framework */; };
		5551D696BB24E9680F050070 /* Pods_TTV.framework in Frameworks */ = {isa = PBXBuildFile; fileRef = AB500B1D6EF79C4E6889B15B /* Pods_TTV.framework */; };
		C37096939ACE3C4DD8D207F7 /* Pods_TTV_TTVUITests.framework in Frameworks */ = {isa = PBXBuildFile; fileRef = 4F592689ECE819138DA14510 /* Pods_TTV_TTVUITests.framework */; };
/* End PBXBuildFile section */

/* Begin PBXContainerItemProxy section */
		43411AB3284114DD003C5182 /* PBXContainerItemProxy */ = {
			isa = PBXContainerItemProxy;
			containerPortal = 43411A94284114DB003C5182 /* Project object */;
			proxyType = 1;
			remoteGlobalIDString = 43411A9B284114DB003C5182;
			remoteInfo = TTV;
		};
		43411ABD284114DD003C5182 /* PBXContainerItemProxy */ = {
			isa = PBXContainerItemProxy;
			containerPortal = 43411A94284114DB003C5182 /* Project object */;
			proxyType = 1;
			remoteGlobalIDString = 43411A9B284114DB003C5182;
			remoteInfo = TTV;
		};
/* End PBXContainerItemProxy section */

/* Begin PBXFileReference section */
		11048988CCFDCC53E5449F39 /* Pods-TTV.debug.xcconfig */ = {isa = PBXFileReference; includeInIndex = 1; lastKnownFileType = text.xcconfig; name = "Pods-TTV.debug.xcconfig"; path = "Target Support Files/Pods-TTV/Pods-TTV.debug.xcconfig"; sourceTree = "<group>"; };
		3E4E11F54AAACA8B15726CF1 /* Pods-TTV-TTVUITests.release.xcconfig */ = {isa = PBXFileReference; includeInIndex = 1; lastKnownFileType = text.xcconfig; name = "Pods-TTV-TTVUITests.release.xcconfig"; path = "Target Support Files/Pods-TTV-TTVUITests/Pods-TTV-TTVUITests.release.xcconfig"; sourceTree = "<group>"; };
		43411A9C284114DB003C5182 /* TTV.app */ = {isa = PBXFileReference; explicitFileType = wrapper.application; includeInIndex = 0; path = TTV.app; sourceTree = BUILT_PRODUCTS_DIR; };
		43411A9F284114DB003C5182 /* AppDelegate.swift */ = {isa = PBXFileReference; lastKnownFileType = sourcecode.swift; path = AppDelegate.swift; sourceTree = "<group>"; };
		43411AA1284114DB003C5182 /* SceneDelegate.swift */ = {isa = PBXFileReference; lastKnownFileType = sourcecode.swift; path = SceneDelegate.swift; sourceTree = "<group>"; };
		43411AA3284114DB003C5182 /* ViewController.swift */ = {isa = PBXFileReference; lastKnownFileType = sourcecode.swift; path = ViewController.swift; sourceTree = "<group>"; };
		43411AA6284114DB003C5182 /* Base */ = {isa = PBXFileReference; lastKnownFileType = file.storyboard; name = Base; path = Base.lproj/Main.storyboard; sourceTree = "<group>"; };
		43411AA8284114DD003C5182 /* Assets.xcassets */ = {isa = PBXFileReference; lastKnownFileType = folder.assetcatalog; path = Assets.xcassets; sourceTree = "<group>"; };
		43411AAB284114DD003C5182 /* Base */ = {isa = PBXFileReference; lastKnownFileType = file.storyboard; name = Base; path = Base.lproj/LaunchScreen.storyboard; sourceTree = "<group>"; };
		43411AAD284114DD003C5182 /* Info.plist */ = {isa = PBXFileReference; lastKnownFileType = text.plist.xml; path = Info.plist; sourceTree = "<group>"; };
		43411AB2284114DD003C5182 /* TTVTests.xctest */ = {isa = PBXFileReference; explicitFileType = wrapper.cfbundle; includeInIndex = 0; path = TTVTests.xctest; sourceTree = BUILT_PRODUCTS_DIR; };
		43411AB6284114DD003C5182 /* TTVTests.swift */ = {isa = PBXFileReference; lastKnownFileType = sourcecode.swift; path = TTVTests.swift; sourceTree = "<group>"; };
		43411ABC284114DD003C5182 /* TTVUITests.xctest */ = {isa = PBXFileReference; explicitFileType = wrapper.cfbundle; includeInIndex = 0; path = TTVUITests.xctest; sourceTree = BUILT_PRODUCTS_DIR; };
		43411AC0284114DD003C5182 /* TTVUITests.swift */ = {isa = PBXFileReference; lastKnownFileType = sourcecode.swift; path = TTVUITests.swift; sourceTree = "<group>"; };
		43411AC2284114DD003C5182 /* TTVUITestsLaunchTests.swift */ = {isa = PBXFileReference; lastKnownFileType = sourcecode.swift; path = TTVUITestsLaunchTests.swift; sourceTree = "<group>"; };
		43411AD62841209D003C5182 /* Poppins-Light.ttf */ = {isa = PBXFileReference; lastKnownFileType = file; path = "Poppins-Light.ttf"; sourceTree = "<group>"; };
		43411AD72841209D003C5182 /* Poppins-Medium.ttf */ = {isa = PBXFileReference; lastKnownFileType = file; path = "Poppins-Medium.ttf"; sourceTree = "<group>"; };
		43411AD82841209D003C5182 /* Poppins-Bold.ttf */ = {isa = PBXFileReference; lastKnownFileType = file; path = "Poppins-Bold.ttf"; sourceTree = "<group>"; };
		43411AD92841209D003C5182 /* Poppins-Regular.ttf */ = {isa = PBXFileReference; lastKnownFileType = file; path = "Poppins-Regular.ttf"; sourceTree = "<group>"; };
		43411ADA2841209D003C5182 /* Poppins-SemiBold.ttf */ = {isa = PBXFileReference; lastKnownFileType = file; path = "Poppins-SemiBold.ttf"; sourceTree = "<group>"; };
		4355CB402841E88700D25CBF /* LoginError.swift */ = {isa = PBXFileReference; lastKnownFileType = sourcecode.swift; path = LoginError.swift; sourceTree = "<group>"; };
		4355CB422841E9ED00D25CBF /* LoginResult.swift */ = {isa = PBXFileReference; lastKnownFileType = sourcecode.swift; path = LoginResult.swift; sourceTree = "<group>"; };
		4355CB442841F8A400D25CBF /* LoginViewModelTests.swift */ = {isa = PBXFileReference; lastKnownFileType = sourcecode.swift; path = LoginViewModelTests.swift; sourceTree = "<group>"; };
		4355CB462841FB8C00D25CBF /* LoginViewController.swift */ = {isa = PBXFileReference; lastKnownFileType = sourcecode.swift; path = LoginViewController.swift; sourceTree = "<group>"; };
		4355CB4A284201E600D25CBF /* UITextField+Extension.swift */ = {isa = PBXFileReference; lastKnownFileType = sourcecode.swift; path = "UITextField+Extension.swift"; sourceTree = "<group>"; };
		4355CB4D284211B700D25CBF /* TTVTextField.swift */ = {isa = PBXFileReference; lastKnownFileType = sourcecode.swift; path = TTVTextField.swift; sourceTree = "<group>"; };
		4355CB4F2842230000D25CBF /* PopupView.swift */ = {isa = PBXFileReference; lastKnownFileType = sourcecode.swift; path = PopupView.swift; sourceTree = "<group>"; };
		4355CB51284225B200D25CBF /* Constant.swift */ = {isa = PBXFileReference; lastKnownFileType = sourcecode.swift; path = Constant.swift; sourceTree = "<group>"; };
		437E07EB2841272E00A8EAEF /* Coordinator.swift */ = {isa = PBXFileReference; lastKnownFileType = sourcecode.swift; path = Coordinator.swift; sourceTree = "<group>"; };
		437E07EE2841283B00A8EAEF /* CoordinatorFinishDelegate.swift */ = {isa = PBXFileReference; lastKnownFileType = sourcecode.swift; path = CoordinatorFinishDelegate.swift; sourceTree = "<group>"; };
		437E07F12841289800A8EAEF /* CoordinatorType.swift */ = {isa = PBXFileReference; lastKnownFileType = sourcecode.swift; path = CoordinatorType.swift; sourceTree = "<group>"; };
		437E07F328412A6B00A8EAEF /* AppCoordinator.swift */ = {isa = PBXFileReference; lastKnownFileType = sourcecode.swift; path = AppCoordinator.swift; sourceTree = "<group>"; };
		437E07F528412AC200A8EAEF /* DefaultAppCoordinator.swift */ = {isa = PBXFileReference; lastKnownFileType = sourcecode.swift; path = DefaultAppCoordinator.swift; sourceTree = "<group>"; };
		437E07FD28412E2E00A8EAEF /* SplashCoordinator.swift */ = {isa = PBXFileReference; lastKnownFileType = sourcecode.swift; path = SplashCoordinator.swift; sourceTree = "<group>"; };
		437E07FF28412F2C00A8EAEF /* DefaultSplashCoordinator.swift */ = {isa = PBXFileReference; lastKnownFileType = sourcecode.swift; path = DefaultSplashCoordinator.swift; sourceTree = "<group>"; };
		437E08012841303F00A8EAEF /* SplashViewController.swift */ = {isa = PBXFileReference; lastKnownFileType = sourcecode.swift; path = SplashViewController.swift; sourceTree = "<group>"; };
		437E08032841308500A8EAEF /* SplashViewModel.swift */ = {isa = PBXFileReference; lastKnownFileType = sourcecode.swift; path = SplashViewModel.swift; sourceTree = "<group>"; };
		437E08082841326900A8EAEF /* LoginUseCase.swift */ = {isa = PBXFileReference; lastKnownFileType = sourcecode.swift; path = LoginUseCase.swift; sourceTree = "<group>"; };
		437E080A2841329700A8EAEF /* DefaultLoginUseCase.swift */ = {isa = PBXFileReference; lastKnownFileType = sourcecode.swift; path = DefaultLoginUseCase.swift; sourceTree = "<group>"; };
		437E080C284135DF00A8EAEF /* SplashViewModelTests.swift */ = {isa = PBXFileReference; lastKnownFileType = sourcecode.swift; path = SplashViewModelTests.swift; sourceTree = "<group>"; };
		437E080F284191A500A8EAEF /* BaseViewController.swift */ = {isa = PBXFileReference; lastKnownFileType = sourcecode.swift; path = BaseViewController.swift; sourceTree = "<group>"; };
		437E08142841972E00A8EAEF /* UIView+Extension.swift */ = {isa = PBXFileReference; lastKnownFileType = sourcecode.swift; path = "UIView+Extension.swift"; sourceTree = "<group>"; };
		437E08162841978300A8EAEF /* CALayer+Extension.swift */ = {isa = PBXFileReference; lastKnownFileType = sourcecode.swift; path = "CALayer+Extension.swift"; sourceTree = "<group>"; };
		437E0818284197A400A8EAEF /* UILabel+Extension.swift */ = {isa = PBXFileReference; lastKnownFileType = sourcecode.swift; path = "UILabel+Extension.swift"; sourceTree = "<group>"; };
		437E081A2841988700A8EAEF /* UIFont+CustomFont.swift */ = {isa = PBXFileReference; lastKnownFileType = sourcecode.swift; path = "UIFont+CustomFont.swift"; sourceTree = "<group>"; };
		437E081C2841A6F600A8EAEF /* UIColor+Extension.swift */ = {isa = PBXFileReference; lastKnownFileType = sourcecode.swift; path = "UIColor+Extension.swift"; sourceTree = "<group>"; };
		437E08272841AF8E00A8EAEF /* IntroduceCoordinator.swift */ = {isa = PBXFileReference; lastKnownFileType = sourcecode.swift; path = IntroduceCoordinator.swift; sourceTree = "<group>"; };
		437E08292841B37D00A8EAEF /* DefaultIntroduceCoordinator.swift */ = {isa = PBXFileReference; lastKnownFileType = sourcecode.swift; path = DefaultIntroduceCoordinator.swift; sourceTree = "<group>"; };
		437E082B2841B3FD00A8EAEF /* IntroduceViewModel.swift */ = {isa = PBXFileReference; lastKnownFileType = sourcecode.swift; path = IntroduceViewModel.swift; sourceTree = "<group>"; };
		437E082D2841B7D000A8EAEF /* IntroduceData.swift */ = {isa = PBXFileReference; lastKnownFileType = sourcecode.swift; path = IntroduceData.swift; sourceTree = "<group>"; };
		437E082F2841B99C00A8EAEF /* IntroduceViewController.swift */ = {isa = PBXFileReference; lastKnownFileType = sourcecode.swift; path = IntroduceViewController.swift; sourceTree = "<group>"; };
		437E08312841CA2200A8EAEF /* UIColor+CustomColor.swift */ = {isa = PBXFileReference; lastKnownFileType = sourcecode.swift; path = "UIColor+CustomColor.swift"; sourceTree = "<group>"; };
		437E08332841D9B100A8EAEF /* IntroduceViewModelTests.swift */ = {isa = PBXFileReference; lastKnownFileType = sourcecode.swift; path = IntroduceViewModelTests.swift; sourceTree = "<group>"; };
		437E083F2841E0AB00A8EAEF /* LoginCoordinator.swift */ = {isa = PBXFileReference; lastKnownFileType = sourcecode.swift; path = LoginCoordinator.swift; sourceTree = "<group>"; };
		437E08412841E0F000A8EAEF /* DefaultLoginCoordinator.swift */ = {isa = PBXFileReference; lastKnownFileType = sourcecode.swift; path = DefaultLoginCoordinator.swift; sourceTree = "<group>"; };
		437E08432841E13C00A8EAEF /* LoginViewModel.swift */ = {isa = PBXFileReference; lastKnownFileType = sourcecode.swift; path = LoginViewModel.swift; sourceTree = "<group>"; };
		4F592689ECE819138DA14510 /* Pods_TTV_TTVUITests.framework */ = {isa = PBXFileReference; explicitFileType = wrapper.framework; includeInIndex = 0; path = Pods_TTV_TTVUITests.framework; sourceTree = BUILT_PRODUCTS_DIR; };
		6F91980BEF8DB4D3EC203D2E /* Pods-TTV.release.xcconfig */ = {isa = PBXFileReference; includeInIndex = 1; lastKnownFileType = text.xcconfig; name = "Pods-TTV.release.xcconfig"; path = "Target Support Files/Pods-TTV/Pods-TTV.release.xcconfig"; sourceTree = "<group>"; };
		898B6BB17F857D4E5362C429 /* Pods-TTVTests.release.xcconfig */ = {isa = PBXFileReference; includeInIndex = 1; lastKnownFileType = text.xcconfig; name = "Pods-TTVTests.release.xcconfig"; path = "Target Support Files/Pods-TTVTests/Pods-TTVTests.release.xcconfig"; sourceTree = "<group>"; };
		9F09CB7973C5DFEE38AD9CB6 /* Pods-TTVTests.debug.xcconfig */ = {isa = PBXFileReference; includeInIndex = 1; lastKnownFileType = text.xcconfig; name = "Pods-TTVTests.debug.xcconfig"; path = "Target Support Files/Pods-TTVTests/Pods-TTVTests.debug.xcconfig"; sourceTree = "<group>"; };
		A5F650D33E0D01C3FE656B40 /* Pods-TTV-TTVUITests.debug.xcconfig */ = {isa = PBXFileReference; includeInIndex = 1; lastKnownFileType = text.xcconfig; name = "Pods-TTV-TTVUITests.debug.xcconfig"; path = "Target Support Files/Pods-TTV-TTVUITests/Pods-TTV-TTVUITests.debug.xcconfig"; sourceTree = "<group>"; };
		AAECA1862E51CAE60DA22349 /* Pods_TTVTests.framework */ = {isa = PBXFileReference; explicitFileType = wrapper.framework; includeInIndex = 0; path = Pods_TTVTests.framework; sourceTree = BUILT_PRODUCTS_DIR; };
		AB500B1D6EF79C4E6889B15B /* Pods_TTV.framework */ = {isa = PBXFileReference; explicitFileType = wrapper.framework; includeInIndex = 0; path = Pods_TTV.framework; sourceTree = BUILT_PRODUCTS_DIR; };
/* End PBXFileReference section */

/* Begin PBXFrameworksBuildPhase section */
		43411A99284114DB003C5182 /* Frameworks */ = {
			isa = PBXFrameworksBuildPhase;
			buildActionMask = 2147483647;
			files = (
				5551D696BB24E9680F050070 /* Pods_TTV.framework in Frameworks */,
			);
			runOnlyForDeploymentPostprocessing = 0;
		};
		43411AAF284114DD003C5182 /* Frameworks */ = {
			isa = PBXFrameworksBuildPhase;
			buildActionMask = 2147483647;
			files = (
				438A612D23B25BE3B4437ACB /* Pods_TTVTests.framework in Frameworks */,
			);
			runOnlyForDeploymentPostprocessing = 0;
		};
		43411AB9284114DD003C5182 /* Frameworks */ = {
			isa = PBXFrameworksBuildPhase;
			buildActionMask = 2147483647;
			files = (
				C37096939ACE3C4DD8D207F7 /* Pods_TTV_TTVUITests.framework in Frameworks */,
			);
			runOnlyForDeploymentPostprocessing = 0;
		};
/* End PBXFrameworksBuildPhase section */

/* Begin PBXGroup section */
		43411A93284114DB003C5182 = {
			isa = PBXGroup;
			children = (
				43411A9E284114DB003C5182 /* TTV */,
				43411AB5284114DD003C5182 /* TTVTests */,
				43411ABF284114DD003C5182 /* TTVUITests */,
				43411A9D284114DB003C5182 /* Products */,
				77DDE89D0F90622E996651CC /* Pods */,
				E671388A8A58A4EBF029E841 /* Frameworks */,
			);
			sourceTree = "<group>";
		};
		43411A9D284114DB003C5182 /* Products */ = {
			isa = PBXGroup;
			children = (
				43411A9C284114DB003C5182 /* TTV.app */,
				43411AB2284114DD003C5182 /* TTVTests.xctest */,
				43411ABC284114DD003C5182 /* TTVUITests.xctest */,
			);
			name = Products;
			sourceTree = "<group>";
		};
		43411A9E284114DB003C5182 /* TTV */ = {
			isa = PBXGroup;
			children = (
				43411AD028411BA3003C5182 /* Application */,
				43411AD428411C75003C5182 /* Common */,
				43411AD228411BE2003C5182 /* Domain */,
				43411AD128411BD7003C5182 /* Presentation */,
				43411ACF28411B9D003C5182 /* Resource */,
			);
			path = TTV;
			sourceTree = "<group>";
		};
		43411AB5284114DD003C5182 /* TTVTests */ = {
			isa = PBXGroup;
			children = (
				43411AB6284114DD003C5182 /* TTVTests.swift */,
				437E080C284135DF00A8EAEF /* SplashViewModelTests.swift */,
				437E08332841D9B100A8EAEF /* IntroduceViewModelTests.swift */,
				4355CB442841F8A400D25CBF /* LoginViewModelTests.swift */,
			);
			path = TTVTests;
			sourceTree = "<group>";
		};
		43411ABF284114DD003C5182 /* TTVUITests */ = {
			isa = PBXGroup;
			children = (
				43411AC0284114DD003C5182 /* TTVUITests.swift */,
				43411AC2284114DD003C5182 /* TTVUITestsLaunchTests.swift */,
			);
			path = TTVUITests;
			sourceTree = "<group>";
		};
		43411ACF28411B9D003C5182 /* Resource */ = {
			isa = PBXGroup;
			children = (
				43411AD528411F34003C5182 /* Fonts */,
				43411AA5284114DB003C5182 /* Main.storyboard */,
				43411AA8284114DD003C5182 /* Assets.xcassets */,
				43411AAA284114DD003C5182 /* LaunchScreen.storyboard */,
				43411AAD284114DD003C5182 /* Info.plist */,
			);
			path = Resource;
			sourceTree = "<group>";
		};
		43411AD028411BA3003C5182 /* Application */ = {
			isa = PBXGroup;
			children = (
				43411A9F284114DB003C5182 /* AppDelegate.swift */,
				43411AA1284114DB003C5182 /* SceneDelegate.swift */,
			);
			path = Application;
			sourceTree = "<group>";
		};
		43411AD128411BD7003C5182 /* Presentation */ = {
			isa = PBXGroup;
			children = (
				437E07E8284126D600A8EAEF /* Common */,
				43411AD328411C25003C5182 /* View */,
				437E07F728412D2200A8EAEF /* SplashScene */,
				437E08222841AF3F00A8EAEF /* IntroduceScene */,
				437E083A2841E01000A8EAEF /* LoginScene */,
			);
			path = Presentation;
			sourceTree = "<group>";
		};
		43411AD228411BE2003C5182 /* Domain */ = {
			isa = PBXGroup;
			children = (
				437E08052841310700A8EAEF /* UseCase */,
			);
			path = Domain;
			sourceTree = "<group>";
		};
		43411AD328411C25003C5182 /* View */ = {
			isa = PBXGroup;
			children = (
				43411AA3284114DB003C5182 /* ViewController.swift */,
			);
			path = View;
			sourceTree = "<group>";
		};
		43411AD428411C75003C5182 /* Common */ = {
			isa = PBXGroup;
			children = (
				437E08132841971E00A8EAEF /* Extensions */,
				437E080E2841919D00A8EAEF /* Base */,
				437E07F02841288900A8EAEF /* Constant */,
			);
			path = Common;
			sourceTree = "<group>";
		};
		43411AD528411F34003C5182 /* Fonts */ = {
			isa = PBXGroup;
			children = (
				43411AD82841209D003C5182 /* Poppins-Bold.ttf */,
				43411AD62841209D003C5182 /* Poppins-Light.ttf */,
				43411AD72841209D003C5182 /* Poppins-Medium.ttf */,
				43411AD92841209D003C5182 /* Poppins-Regular.ttf */,
				43411ADA2841209D003C5182 /* Poppins-SemiBold.ttf */,
			);
			path = Fonts;
			sourceTree = "<group>";
		};
		4355CB4C284211A000D25CBF /* View */ = {
			isa = PBXGroup;
			children = (
				4355CB4D284211B700D25CBF /* TTVTextField.swift */,
			);
			path = View;
			sourceTree = "<group>";
		};
		437E07E8284126D600A8EAEF /* Common */ = {
			isa = PBXGroup;
			children = (
				437E07E9284126E400A8EAEF /* Coordinator */,
			);
			path = Common;
			sourceTree = "<group>";
		};
		437E07E9284126E400A8EAEF /* Coordinator */ = {
			isa = PBXGroup;
			children = (
				437E07ED2841282B00A8EAEF /* Delegate */,
				437E07EA284126FB00A8EAEF /* Protocol */,
				437E07F528412AC200A8EAEF /* DefaultAppCoordinator.swift */,
			);
			path = Coordinator;
			sourceTree = "<group>";
		};
		437E07EA284126FB00A8EAEF /* Protocol */ = {
			isa = PBXGroup;
			children = (
				437E07EB2841272E00A8EAEF /* Coordinator.swift */,
				437E07F328412A6B00A8EAEF /* AppCoordinator.swift */,
			);
			path = Protocol;
			sourceTree = "<group>";
		};
		437E07ED2841282B00A8EAEF /* Delegate */ = {
			isa = PBXGroup;
			children = (
				437E07EE2841283B00A8EAEF /* CoordinatorFinishDelegate.swift */,
			);
			path = Delegate;
			sourceTree = "<group>";
		};
		437E07F02841288900A8EAEF /* Constant */ = {
			isa = PBXGroup;
			children = (
				437E07F12841289800A8EAEF /* CoordinatorType.swift */,
				437E082D2841B7D000A8EAEF /* IntroduceData.swift */,
				4355CB402841E88700D25CBF /* LoginError.swift */,
				4355CB422841E9ED00D25CBF /* LoginResult.swift */,
				4355CB51284225B200D25CBF /* Constant.swift */,
			);
			path = Constant;
			sourceTree = "<group>";
		};
		437E07F728412D2200A8EAEF /* SplashScene */ = {
			isa = PBXGroup;
			children = (
				437E07F828412DC700A8EAEF /* Coordinator */,
				437E07FB28412E0300A8EAEF /* ViewController */,
				437E07FA28412DDE00A8EAEF /* ViewModel */,
			);
			path = SplashScene;
			sourceTree = "<group>";
		};
		437E07F828412DC700A8EAEF /* Coordinator */ = {
			isa = PBXGroup;
			children = (
				437E07FC28412E1F00A8EAEF /* Protocol */,
				437E07FF28412F2C00A8EAEF /* DefaultSplashCoordinator.swift */,
			);
			path = Coordinator;
			sourceTree = "<group>";
		};
		437E07FA28412DDE00A8EAEF /* ViewModel */ = {
			isa = PBXGroup;
			children = (
				437E08032841308500A8EAEF /* SplashViewModel.swift */,
			);
			path = ViewModel;
			sourceTree = "<group>";
		};
		437E07FB28412E0300A8EAEF /* ViewController */ = {
			isa = PBXGroup;
			children = (
				437E08012841303F00A8EAEF /* SplashViewController.swift */,
			);
			path = ViewController;
			sourceTree = "<group>";
		};
		437E07FC28412E1F00A8EAEF /* Protocol */ = {
			isa = PBXGroup;
			children = (
				437E07FD28412E2E00A8EAEF /* SplashCoordinator.swift */,
			);
			path = Protocol;
			sourceTree = "<group>";
		};
		437E08052841310700A8EAEF /* UseCase */ = {
			isa = PBXGroup;
			children = (
				437E08062841311100A8EAEF /* Login */,
			);
			path = UseCase;
			sourceTree = "<group>";
		};
		437E08062841311100A8EAEF /* Login */ = {
			isa = PBXGroup;
			children = (
				437E08072841311E00A8EAEF /* Protocol */,
				437E080A2841329700A8EAEF /* DefaultLoginUseCase.swift */,
			);
			path = Login;
			sourceTree = "<group>";
		};
		437E08072841311E00A8EAEF /* Protocol */ = {
			isa = PBXGroup;
			children = (
				437E08082841326900A8EAEF /* LoginUseCase.swift */,
			);
			path = Protocol;
			sourceTree = "<group>";
		};
		437E080E2841919D00A8EAEF /* Base */ = {
			isa = PBXGroup;
			children = (
				437E080F284191A500A8EAEF /* BaseViewController.swift */,
				4355CB4F2842230000D25CBF /* PopupView.swift */,
			);
			path = Base;
			sourceTree = "<group>";
		};
		437E08132841971E00A8EAEF /* Extensions */ = {
			isa = PBXGroup;
			children = (
				437E08142841972E00A8EAEF /* UIView+Extension.swift */,
				437E08162841978300A8EAEF /* CALayer+Extension.swift */,
				437E0818284197A400A8EAEF /* UILabel+Extension.swift */,
				437E081A2841988700A8EAEF /* UIFont+CustomFont.swift */,
				437E081C2841A6F600A8EAEF /* UIColor+Extension.swift */,
				437E08312841CA2200A8EAEF /* UIColor+CustomColor.swift */,
				4355CB4A284201E600D25CBF /* UITextField+Extension.swift */,
			);
			path = Extensions;
			sourceTree = "<group>";
		};
		437E08222841AF3F00A8EAEF /* IntroduceScene */ = {
			isa = PBXGroup;
			children = (
				437E08232841AF5D00A8EAEF /* Coordinator */,
				437E08252841AF7000A8EAEF /* ViewController */,
				437E08242841AF6C00A8EAEF /* VIewModel */,
			);
			path = IntroduceScene;
			sourceTree = "<group>";
		};
		437E08232841AF5D00A8EAEF /* Coordinator */ = {
			isa = PBXGroup;
			children = (
				437E08262841AF8000A8EAEF /* Protocol */,
				437E08292841B37D00A8EAEF /* DefaultIntroduceCoordinator.swift */,
			);
			path = Coordinator;
			sourceTree = "<group>";
		};
		437E08242841AF6C00A8EAEF /* VIewModel */ = {
			isa = PBXGroup;
			children = (
				437E082B2841B3FD00A8EAEF /* IntroduceViewModel.swift */,
			);
			path = VIewModel;
			sourceTree = "<group>";
		};
		437E08252841AF7000A8EAEF /* ViewController */ = {
			isa = PBXGroup;
			children = (
				437E082F2841B99C00A8EAEF /* IntroduceViewController.swift */,
			);
			path = ViewController;
			sourceTree = "<group>";
		};
		437E08262841AF8000A8EAEF /* Protocol */ = {
			isa = PBXGroup;
			children = (
				437E08272841AF8E00A8EAEF /* IntroduceCoordinator.swift */,
			);
			path = Protocol;
			sourceTree = "<group>";
		};
		437E083A2841E01000A8EAEF /* LoginScene */ = {
			isa = PBXGroup;
			children = (
				437E083B2841E02800A8EAEF /* Coordinator */,
				437E083D2841E03600A8EAEF /* ViewController */,
				4355CB4C284211A000D25CBF /* View */,
				437E083E2841E03E00A8EAEF /* ViewModel */,
			);
			path = LoginScene;
			sourceTree = "<group>";
		};
		437E083B2841E02800A8EAEF /* Coordinator */ = {
			isa = PBXGroup;
			children = (
				437E083C2841E03000A8EAEF /* Protocol */,
				437E08412841E0F000A8EAEF /* DefaultLoginCoordinator.swift */,
			);
			path = Coordinator;
			sourceTree = "<group>";
		};
		437E083C2841E03000A8EAEF /* Protocol */ = {
			isa = PBXGroup;
			children = (
				437E083F2841E0AB00A8EAEF /* LoginCoordinator.swift */,
			);
			path = Protocol;
			sourceTree = "<group>";
		};
		437E083D2841E03600A8EAEF /* ViewController */ = {
			isa = PBXGroup;
			children = (
				4355CB462841FB8C00D25CBF /* LoginViewController.swift */,
			);
			path = ViewController;
			sourceTree = "<group>";
		};
		437E083E2841E03E00A8EAEF /* ViewModel */ = {
			isa = PBXGroup;
			children = (
				437E08432841E13C00A8EAEF /* LoginViewModel.swift */,
			);
			path = ViewModel;
			sourceTree = "<group>";
		};
		77DDE89D0F90622E996651CC /* Pods */ = {
			isa = PBXGroup;
			children = (
				11048988CCFDCC53E5449F39 /* Pods-TTV.debug.xcconfig */,
				6F91980BEF8DB4D3EC203D2E /* Pods-TTV.release.xcconfig */,
				A5F650D33E0D01C3FE656B40 /* Pods-TTV-TTVUITests.debug.xcconfig */,
				3E4E11F54AAACA8B15726CF1 /* Pods-TTV-TTVUITests.release.xcconfig */,
				9F09CB7973C5DFEE38AD9CB6 /* Pods-TTVTests.debug.xcconfig */,
				898B6BB17F857D4E5362C429 /* Pods-TTVTests.release.xcconfig */,
			);
			path = Pods;
			sourceTree = "<group>";
		};
		E671388A8A58A4EBF029E841 /* Frameworks */ = {
			isa = PBXGroup;
			children = (
				AB500B1D6EF79C4E6889B15B /* Pods_TTV.framework */,
				4F592689ECE819138DA14510 /* Pods_TTV_TTVUITests.framework */,
				AAECA1862E51CAE60DA22349 /* Pods_TTVTests.framework */,
			);
			name = Frameworks;
			sourceTree = "<group>";
		};
/* End PBXGroup section */

/* Begin PBXNativeTarget section */
		43411A9B284114DB003C5182 /* TTV */ = {
			isa = PBXNativeTarget;
			buildConfigurationList = 43411AC6284114DD003C5182 /* Build configuration list for PBXNativeTarget "TTV" */;
			buildPhases = (
				0C99FEB769CE7BCC700E5487 /* [CP] Check Pods Manifest.lock */,
				43411A98284114DB003C5182 /* Sources */,
				43411A99284114DB003C5182 /* Frameworks */,
				43411A9A284114DB003C5182 /* Resources */,
				6A0FCE1BE2CD3EA3A7332F9C /* [CP] Embed Pods Frameworks */,
			);
			buildRules = (
			);
			dependencies = (
			);
			name = TTV;
			productName = TTV;
			productReference = 43411A9C284114DB003C5182 /* TTV.app */;
			productType = "com.apple.product-type.application";
		};
		43411AB1284114DD003C5182 /* TTVTests */ = {
			isa = PBXNativeTarget;
			buildConfigurationList = 43411AC9284114DD003C5182 /* Build configuration list for PBXNativeTarget "TTVTests" */;
			buildPhases = (
				314A011FCEAE85B9CFD47DA5 /* [CP] Check Pods Manifest.lock */,
				43411AAE284114DD003C5182 /* Sources */,
				43411AAF284114DD003C5182 /* Frameworks */,
				43411AB0284114DD003C5182 /* Resources */,
				EA8F54E9448B82ECD4F2299D /* [CP] Embed Pods Frameworks */,
			);
			buildRules = (
			);
			dependencies = (
				43411AB4284114DD003C5182 /* PBXTargetDependency */,
			);
			name = TTVTests;
			productName = TTVTests;
			productReference = 43411AB2284114DD003C5182 /* TTVTests.xctest */;
			productType = "com.apple.product-type.bundle.unit-test";
		};
		43411ABB284114DD003C5182 /* TTVUITests */ = {
			isa = PBXNativeTarget;
			buildConfigurationList = 43411ACC284114DD003C5182 /* Build configuration list for PBXNativeTarget "TTVUITests" */;
			buildPhases = (
				8F9C5B7F4D2A21D184E37D5E /* [CP] Check Pods Manifest.lock */,
				43411AB8284114DD003C5182 /* Sources */,
				43411AB9284114DD003C5182 /* Frameworks */,
				43411ABA284114DD003C5182 /* Resources */,
				BDD7055D14DF091990C58F2F /* [CP] Embed Pods Frameworks */,
			);
			buildRules = (
			);
			dependencies = (
				43411ABE284114DD003C5182 /* PBXTargetDependency */,
			);
			name = TTVUITests;
			productName = TTVUITests;
			productReference = 43411ABC284114DD003C5182 /* TTVUITests.xctest */;
			productType = "com.apple.product-type.bundle.ui-testing";
		};
/* End PBXNativeTarget section */

/* Begin PBXProject section */
		43411A94284114DB003C5182 /* Project object */ = {
			isa = PBXProject;
			attributes = {
				BuildIndependentTargetsInParallel = 1;
				LastSwiftUpdateCheck = 1340;
				LastUpgradeCheck = 1340;
				TargetAttributes = {
					43411A9B284114DB003C5182 = {
						CreatedOnToolsVersion = 13.4;
					};
					43411AB1284114DD003C5182 = {
						CreatedOnToolsVersion = 13.4;
						TestTargetID = 43411A9B284114DB003C5182;
					};
					43411ABB284114DD003C5182 = {
						CreatedOnToolsVersion = 13.4;
						TestTargetID = 43411A9B284114DB003C5182;
					};
				};
			};
			buildConfigurationList = 43411A97284114DB003C5182 /* Build configuration list for PBXProject "TTV" */;
			compatibilityVersion = "Xcode 13.0";
			developmentRegion = en;
			hasScannedForEncodings = 0;
			knownRegions = (
				en,
				Base,
			);
			mainGroup = 43411A93284114DB003C5182;
			productRefGroup = 43411A9D284114DB003C5182 /* Products */;
			projectDirPath = "";
			projectRoot = "";
			targets = (
				43411A9B284114DB003C5182 /* TTV */,
				43411AB1284114DD003C5182 /* TTVTests */,
				43411ABB284114DD003C5182 /* TTVUITests */,
			);
		};
/* End PBXProject section */

/* Begin PBXResourcesBuildPhase section */
		43411A9A284114DB003C5182 /* Resources */ = {
			isa = PBXResourcesBuildPhase;
			buildActionMask = 2147483647;
			files = (
				43411AAC284114DD003C5182 /* LaunchScreen.storyboard in Resources */,
				43411ADD2841209D003C5182 /* Poppins-Bold.ttf in Resources */,
				43411ADE2841209D003C5182 /* Poppins-Regular.ttf in Resources */,
				43411AA9284114DD003C5182 /* Assets.xcassets in Resources */,
				43411AA7284114DB003C5182 /* Main.storyboard in Resources */,
				43411ADF2841209D003C5182 /* Poppins-SemiBold.ttf in Resources */,
				43411ADB2841209D003C5182 /* Poppins-Light.ttf in Resources */,
				43411ADC2841209D003C5182 /* Poppins-Medium.ttf in Resources */,
			);
			runOnlyForDeploymentPostprocessing = 0;
		};
		43411AB0284114DD003C5182 /* Resources */ = {
			isa = PBXResourcesBuildPhase;
			buildActionMask = 2147483647;
			files = (
			);
			runOnlyForDeploymentPostprocessing = 0;
		};
		43411ABA284114DD003C5182 /* Resources */ = {
			isa = PBXResourcesBuildPhase;
			buildActionMask = 2147483647;
			files = (
			);
			runOnlyForDeploymentPostprocessing = 0;
		};
/* End PBXResourcesBuildPhase section */

/* Begin PBXShellScriptBuildPhase section */
		0C99FEB769CE7BCC700E5487 /* [CP] Check Pods Manifest.lock */ = {
			isa = PBXShellScriptBuildPhase;
			buildActionMask = 2147483647;
			files = (
			);
			inputFileListPaths = (
			);
			inputPaths = (
				"${PODS_PODFILE_DIR_PATH}/Podfile.lock",
				"${PODS_ROOT}/Manifest.lock",
			);
			name = "[CP] Check Pods Manifest.lock";
			outputFileListPaths = (
			);
			outputPaths = (
				"$(DERIVED_FILE_DIR)/Pods-TTV-checkManifestLockResult.txt",
			);
			runOnlyForDeploymentPostprocessing = 0;
			shellPath = /bin/sh;
			shellScript = "diff \"${PODS_PODFILE_DIR_PATH}/Podfile.lock\" \"${PODS_ROOT}/Manifest.lock\" > /dev/null\nif [ $? != 0 ] ; then\n    # print error to STDERR\n    echo \"error: The sandbox is not in sync with the Podfile.lock. Run 'pod install' or update your CocoaPods installation.\" >&2\n    exit 1\nfi\n# This output is used by Xcode 'outputs' to avoid re-running this script phase.\necho \"SUCCESS\" > \"${SCRIPT_OUTPUT_FILE_0}\"\n";
			showEnvVarsInLog = 0;
		};
		314A011FCEAE85B9CFD47DA5 /* [CP] Check Pods Manifest.lock */ = {
			isa = PBXShellScriptBuildPhase;
			buildActionMask = 2147483647;
			files = (
			);
			inputFileListPaths = (
			);
			inputPaths = (
				"${PODS_PODFILE_DIR_PATH}/Podfile.lock",
				"${PODS_ROOT}/Manifest.lock",
			);
			name = "[CP] Check Pods Manifest.lock";
			outputFileListPaths = (
			);
			outputPaths = (
				"$(DERIVED_FILE_DIR)/Pods-TTVTests-checkManifestLockResult.txt",
			);
			runOnlyForDeploymentPostprocessing = 0;
			shellPath = /bin/sh;
			shellScript = "diff \"${PODS_PODFILE_DIR_PATH}/Podfile.lock\" \"${PODS_ROOT}/Manifest.lock\" > /dev/null\nif [ $? != 0 ] ; then\n    # print error to STDERR\n    echo \"error: The sandbox is not in sync with the Podfile.lock. Run 'pod install' or update your CocoaPods installation.\" >&2\n    exit 1\nfi\n# This output is used by Xcode 'outputs' to avoid re-running this script phase.\necho \"SUCCESS\" > \"${SCRIPT_OUTPUT_FILE_0}\"\n";
			showEnvVarsInLog = 0;
		};
		6A0FCE1BE2CD3EA3A7332F9C /* [CP] Embed Pods Frameworks */ = {
			isa = PBXShellScriptBuildPhase;
			buildActionMask = 2147483647;
			files = (
			);
			inputFileListPaths = (
				"${PODS_ROOT}/Target Support Files/Pods-TTV/Pods-TTV-frameworks-${CONFIGURATION}-input-files.xcfilelist",
			);
			name = "[CP] Embed Pods Frameworks";
			outputFileListPaths = (
				"${PODS_ROOT}/Target Support Files/Pods-TTV/Pods-TTV-frameworks-${CONFIGURATION}-output-files.xcfilelist",
			);
			runOnlyForDeploymentPostprocessing = 0;
			shellPath = /bin/sh;
			shellScript = "\"${PODS_ROOT}/Target Support Files/Pods-TTV/Pods-TTV-frameworks.sh\"\n";
			showEnvVarsInLog = 0;
		};
		8F9C5B7F4D2A21D184E37D5E /* [CP] Check Pods Manifest.lock */ = {
			isa = PBXShellScriptBuildPhase;
			buildActionMask = 2147483647;
			files = (
			);
			inputFileListPaths = (
			);
			inputPaths = (
				"${PODS_PODFILE_DIR_PATH}/Podfile.lock",
				"${PODS_ROOT}/Manifest.lock",
			);
			name = "[CP] Check Pods Manifest.lock";
			outputFileListPaths = (
			);
			outputPaths = (
				"$(DERIVED_FILE_DIR)/Pods-TTV-TTVUITests-checkManifestLockResult.txt",
			);
			runOnlyForDeploymentPostprocessing = 0;
			shellPath = /bin/sh;
			shellScript = "diff \"${PODS_PODFILE_DIR_PATH}/Podfile.lock\" \"${PODS_ROOT}/Manifest.lock\" > /dev/null\nif [ $? != 0 ] ; then\n    # print error to STDERR\n    echo \"error: The sandbox is not in sync with the Podfile.lock. Run 'pod install' or update your CocoaPods installation.\" >&2\n    exit 1\nfi\n# This output is used by Xcode 'outputs' to avoid re-running this script phase.\necho \"SUCCESS\" > \"${SCRIPT_OUTPUT_FILE_0}\"\n";
			showEnvVarsInLog = 0;
		};
		BDD7055D14DF091990C58F2F /* [CP] Embed Pods Frameworks */ = {
			isa = PBXShellScriptBuildPhase;
			buildActionMask = 2147483647;
			files = (
			);
			inputFileListPaths = (
				"${PODS_ROOT}/Target Support Files/Pods-TTV-TTVUITests/Pods-TTV-TTVUITests-frameworks-${CONFIGURATION}-input-files.xcfilelist",
			);
			name = "[CP] Embed Pods Frameworks";
			outputFileListPaths = (
				"${PODS_ROOT}/Target Support Files/Pods-TTV-TTVUITests/Pods-TTV-TTVUITests-frameworks-${CONFIGURATION}-output-files.xcfilelist",
			);
			runOnlyForDeploymentPostprocessing = 0;
			shellPath = /bin/sh;
			shellScript = "\"${PODS_ROOT}/Target Support Files/Pods-TTV-TTVUITests/Pods-TTV-TTVUITests-frameworks.sh\"\n";
			showEnvVarsInLog = 0;
		};
		EA8F54E9448B82ECD4F2299D /* [CP] Embed Pods Frameworks */ = {
			isa = PBXShellScriptBuildPhase;
			buildActionMask = 2147483647;
			files = (
			);
			inputFileListPaths = (
				"${PODS_ROOT}/Target Support Files/Pods-TTVTests/Pods-TTVTests-frameworks-${CONFIGURATION}-input-files.xcfilelist",
			);
			name = "[CP] Embed Pods Frameworks";
			outputFileListPaths = (
				"${PODS_ROOT}/Target Support Files/Pods-TTVTests/Pods-TTVTests-frameworks-${CONFIGURATION}-output-files.xcfilelist",
			);
			runOnlyForDeploymentPostprocessing = 0;
			shellPath = /bin/sh;
			shellScript = "\"${PODS_ROOT}/Target Support Files/Pods-TTVTests/Pods-TTVTests-frameworks.sh\"\n";
			showEnvVarsInLog = 0;
		};
/* End PBXShellScriptBuildPhase section */

/* Begin PBXSourcesBuildPhase section */
		43411A98284114DB003C5182 /* Sources */ = {
			isa = PBXSourcesBuildPhase;
			buildActionMask = 2147483647;
			files = (
				4355CB4E284211B700D25CBF /* TTVTextField.swift in Sources */,
				437E07EF2841283B00A8EAEF /* CoordinatorFinishDelegate.swift in Sources */,
				437E081B2841988700A8EAEF /* UIFont+CustomFont.swift in Sources */,
				437E07EC2841272E00A8EAEF /* Coordinator.swift in Sources */,
				437E08152841972E00A8EAEF /* UIView+Extension.swift in Sources */,
				437E082E2841B7D000A8EAEF /* IntroduceData.swift in Sources */,
				437E07F22841289800A8EAEF /* CoordinatorType.swift in Sources */,
				437E08042841308500A8EAEF /* SplashViewModel.swift in Sources */,
				437E07FE28412E2E00A8EAEF /* SplashCoordinator.swift in Sources */,
				437E0810284191A500A8EAEF /* BaseViewController.swift in Sources */,
				43411AA4284114DB003C5182 /* ViewController.swift in Sources */,
				4355CB52284225B200D25CBF /* Constant.swift in Sources */,
				437E0819284197A400A8EAEF /* UILabel+Extension.swift in Sources */,
				437E082A2841B37D00A8EAEF /* DefaultIntroduceCoordinator.swift in Sources */,
				4355CB472841FB8C00D25CBF /* LoginViewController.swift in Sources */,
				4355CB412841E88700D25CBF /* LoginError.swift in Sources */,
				437E080028412F2C00A8EAEF /* DefaultSplashCoordinator.swift in Sources */,
				437E07F428412A6B00A8EAEF /* AppCoordinator.swift in Sources */,
				437E08322841CA2200A8EAEF /* UIColor+CustomColor.swift in Sources */,
				437E08172841978300A8EAEF /* CALayer+Extension.swift in Sources */,
				437E08402841E0AB00A8EAEF /* LoginCoordinator.swift in Sources */,
				437E08302841B99C00A8EAEF /* IntroduceViewController.swift in Sources */,
				4355CB432841E9ED00D25CBF /* LoginResult.swift in Sources */,
				437E08422841E0F000A8EAEF /* DefaultLoginCoordinator.swift in Sources */,
				437E07F628412AC200A8EAEF /* DefaultAppCoordinator.swift in Sources */,
				43411AA0284114DB003C5182 /* AppDelegate.swift in Sources */,
				437E080B2841329700A8EAEF /* DefaultLoginUseCase.swift in Sources */,
				43411AA2284114DB003C5182 /* SceneDelegate.swift in Sources */,
				437E08022841303F00A8EAEF /* SplashViewController.swift in Sources */,
				4355CB502842230000D25CBF /* PopupView.swift in Sources */,
				437E08442841E13C00A8EAEF /* LoginViewModel.swift in Sources */,
				437E08282841AF8E00A8EAEF /* IntroduceCoordinator.swift in Sources */,
				437E08092841326900A8EAEF /* LoginUseCase.swift in Sources */,
				437E082C2841B3FD00A8EAEF /* IntroduceViewModel.swift in Sources */,
				437E081D2841A6F600A8EAEF /* UIColor+Extension.swift in Sources */,
				4355CB4B284201E600D25CBF /* UITextField+Extension.swift in Sources */,
			);
			runOnlyForDeploymentPostprocessing = 0;
		};
		43411AAE284114DD003C5182 /* Sources */ = {
			isa = PBXSourcesBuildPhase;
			buildActionMask = 2147483647;
			files = (
				4355CB452841F8A400D25CBF /* LoginViewModelTests.swift in Sources */,
				43411AB7284114DD003C5182 /* TTVTests.swift in Sources */,
				437E080D284135DF00A8EAEF /* SplashViewModelTests.swift in Sources */,
				437E08342841D9B200A8EAEF /* IntroduceViewModelTests.swift in Sources */,
			);
			runOnlyForDeploymentPostprocessing = 0;
		};
		43411AB8284114DD003C5182 /* Sources */ = {
			isa = PBXSourcesBuildPhase;
			buildActionMask = 2147483647;
			files = (
				43411AC1284114DD003C5182 /* TTVUITests.swift in Sources */,
				43411AC3284114DD003C5182 /* TTVUITestsLaunchTests.swift in Sources */,
			);
			runOnlyForDeploymentPostprocessing = 0;
		};
/* End PBXSourcesBuildPhase section */

/* Begin PBXTargetDependency section */
		43411AB4284114DD003C5182 /* PBXTargetDependency */ = {
			isa = PBXTargetDependency;
			target = 43411A9B284114DB003C5182 /* TTV */;
			targetProxy = 43411AB3284114DD003C5182 /* PBXContainerItemProxy */;
		};
		43411ABE284114DD003C5182 /* PBXTargetDependency */ = {
			isa = PBXTargetDependency;
			target = 43411A9B284114DB003C5182 /* TTV */;
			targetProxy = 43411ABD284114DD003C5182 /* PBXContainerItemProxy */;
		};
/* End PBXTargetDependency section */

/* Begin PBXVariantGroup section */
		43411AA5284114DB003C5182 /* Main.storyboard */ = {
			isa = PBXVariantGroup;
			children = (
				43411AA6284114DB003C5182 /* Base */,
			);
			name = Main.storyboard;
			sourceTree = "<group>";
		};
		43411AAA284114DD003C5182 /* LaunchScreen.storyboard */ = {
			isa = PBXVariantGroup;
			children = (
				43411AAB284114DD003C5182 /* Base */,
			);
			name = LaunchScreen.storyboard;
			sourceTree = "<group>";
		};
/* End PBXVariantGroup section */

/* Begin XCBuildConfiguration section */
		43411AC4284114DD003C5182 /* Debug */ = {
			isa = XCBuildConfiguration;
			buildSettings = {
				ALWAYS_SEARCH_USER_PATHS = NO;
				CLANG_ANALYZER_NONNULL = YES;
				CLANG_ANALYZER_NUMBER_OBJECT_CONVERSION = YES_AGGRESSIVE;
				CLANG_CXX_LANGUAGE_STANDARD = "gnu++17";
				CLANG_ENABLE_MODULES = YES;
				CLANG_ENABLE_OBJC_ARC = YES;
				CLANG_ENABLE_OBJC_WEAK = YES;
				CLANG_WARN_BLOCK_CAPTURE_AUTORELEASING = YES;
				CLANG_WARN_BOOL_CONVERSION = YES;
				CLANG_WARN_COMMA = YES;
				CLANG_WARN_CONSTANT_CONVERSION = YES;
				CLANG_WARN_DEPRECATED_OBJC_IMPLEMENTATIONS = YES;
				CLANG_WARN_DIRECT_OBJC_ISA_USAGE = YES_ERROR;
				CLANG_WARN_DOCUMENTATION_COMMENTS = YES;
				CLANG_WARN_EMPTY_BODY = YES;
				CLANG_WARN_ENUM_CONVERSION = YES;
				CLANG_WARN_INFINITE_RECURSION = YES;
				CLANG_WARN_INT_CONVERSION = YES;
				CLANG_WARN_NON_LITERAL_NULL_CONVERSION = YES;
				CLANG_WARN_OBJC_IMPLICIT_RETAIN_SELF = YES;
				CLANG_WARN_OBJC_LITERAL_CONVERSION = YES;
				CLANG_WARN_OBJC_ROOT_CLASS = YES_ERROR;
				CLANG_WARN_QUOTED_INCLUDE_IN_FRAMEWORK_HEADER = YES;
				CLANG_WARN_RANGE_LOOP_ANALYSIS = YES;
				CLANG_WARN_STRICT_PROTOTYPES = YES;
				CLANG_WARN_SUSPICIOUS_MOVE = YES;
				CLANG_WARN_UNGUARDED_AVAILABILITY = YES_AGGRESSIVE;
				CLANG_WARN_UNREACHABLE_CODE = YES;
				CLANG_WARN__DUPLICATE_METHOD_MATCH = YES;
				COPY_PHASE_STRIP = NO;
				DEBUG_INFORMATION_FORMAT = dwarf;
				ENABLE_STRICT_OBJC_MSGSEND = YES;
				ENABLE_TESTABILITY = YES;
				GCC_C_LANGUAGE_STANDARD = gnu11;
				GCC_DYNAMIC_NO_PIC = NO;
				GCC_NO_COMMON_BLOCKS = YES;
				GCC_OPTIMIZATION_LEVEL = 0;
				GCC_PREPROCESSOR_DEFINITIONS = (
					"DEBUG=1",
					"$(inherited)",
				);
				GCC_WARN_64_TO_32_BIT_CONVERSION = YES;
				GCC_WARN_ABOUT_RETURN_TYPE = YES_ERROR;
				GCC_WARN_UNDECLARED_SELECTOR = YES;
				GCC_WARN_UNINITIALIZED_AUTOS = YES_AGGRESSIVE;
				GCC_WARN_UNUSED_FUNCTION = YES;
				GCC_WARN_UNUSED_VARIABLE = YES;
				IPHONEOS_DEPLOYMENT_TARGET = 15.5;
				MTL_ENABLE_DEBUG_INFO = INCLUDE_SOURCE;
				MTL_FAST_MATH = YES;
				ONLY_ACTIVE_ARCH = YES;
				SDKROOT = iphoneos;
				SWIFT_ACTIVE_COMPILATION_CONDITIONS = DEBUG;
				SWIFT_OPTIMIZATION_LEVEL = "-Onone";
			};
			name = Debug;
		};
		43411AC5284114DD003C5182 /* Release */ = {
			isa = XCBuildConfiguration;
			buildSettings = {
				ALWAYS_SEARCH_USER_PATHS = NO;
				CLANG_ANALYZER_NONNULL = YES;
				CLANG_ANALYZER_NUMBER_OBJECT_CONVERSION = YES_AGGRESSIVE;
				CLANG_CXX_LANGUAGE_STANDARD = "gnu++17";
				CLANG_ENABLE_MODULES = YES;
				CLANG_ENABLE_OBJC_ARC = YES;
				CLANG_ENABLE_OBJC_WEAK = YES;
				CLANG_WARN_BLOCK_CAPTURE_AUTORELEASING = YES;
				CLANG_WARN_BOOL_CONVERSION = YES;
				CLANG_WARN_COMMA = YES;
				CLANG_WARN_CONSTANT_CONVERSION = YES;
				CLANG_WARN_DEPRECATED_OBJC_IMPLEMENTATIONS = YES;
				CLANG_WARN_DIRECT_OBJC_ISA_USAGE = YES_ERROR;
				CLANG_WARN_DOCUMENTATION_COMMENTS = YES;
				CLANG_WARN_EMPTY_BODY = YES;
				CLANG_WARN_ENUM_CONVERSION = YES;
				CLANG_WARN_INFINITE_RECURSION = YES;
				CLANG_WARN_INT_CONVERSION = YES;
				CLANG_WARN_NON_LITERAL_NULL_CONVERSION = YES;
				CLANG_WARN_OBJC_IMPLICIT_RETAIN_SELF = YES;
				CLANG_WARN_OBJC_LITERAL_CONVERSION = YES;
				CLANG_WARN_OBJC_ROOT_CLASS = YES_ERROR;
				CLANG_WARN_QUOTED_INCLUDE_IN_FRAMEWORK_HEADER = YES;
				CLANG_WARN_RANGE_LOOP_ANALYSIS = YES;
				CLANG_WARN_STRICT_PROTOTYPES = YES;
				CLANG_WARN_SUSPICIOUS_MOVE = YES;
				CLANG_WARN_UNGUARDED_AVAILABILITY = YES_AGGRESSIVE;
				CLANG_WARN_UNREACHABLE_CODE = YES;
				CLANG_WARN__DUPLICATE_METHOD_MATCH = YES;
				COPY_PHASE_STRIP = NO;
				DEBUG_INFORMATION_FORMAT = "dwarf-with-dsym";
				ENABLE_NS_ASSERTIONS = NO;
				ENABLE_STRICT_OBJC_MSGSEND = YES;
				GCC_C_LANGUAGE_STANDARD = gnu11;
				GCC_NO_COMMON_BLOCKS = YES;
				GCC_WARN_64_TO_32_BIT_CONVERSION = YES;
				GCC_WARN_ABOUT_RETURN_TYPE = YES_ERROR;
				GCC_WARN_UNDECLARED_SELECTOR = YES;
				GCC_WARN_UNINITIALIZED_AUTOS = YES_AGGRESSIVE;
				GCC_WARN_UNUSED_FUNCTION = YES;
				GCC_WARN_UNUSED_VARIABLE = YES;
				IPHONEOS_DEPLOYMENT_TARGET = 15.5;
				MTL_ENABLE_DEBUG_INFO = NO;
				MTL_FAST_MATH = YES;
				SDKROOT = iphoneos;
				SWIFT_COMPILATION_MODE = wholemodule;
				SWIFT_OPTIMIZATION_LEVEL = "-O";
				VALIDATE_PRODUCT = YES;
			};
			name = Release;
		};
		43411AC7284114DD003C5182 /* Debug */ = {
			isa = XCBuildConfiguration;
			baseConfigurationReference = 11048988CCFDCC53E5449F39 /* Pods-TTV.debug.xcconfig */;
			buildSettings = {
				ASSETCATALOG_COMPILER_APPICON_NAME = AppIcon;
				ASSETCATALOG_COMPILER_GLOBAL_ACCENT_COLOR_NAME = AccentColor;
				CODE_SIGN_STYLE = Automatic;
				CURRENT_PROJECT_VERSION = 1;
				DEVELOPMENT_TEAM = "";
				GENERATE_INFOPLIST_FILE = YES;
				INFOPLIST_FILE = TTV/Resource/Info.plist;
				INFOPLIST_KEY_UIApplicationSupportsIndirectInputEvents = YES;
				INFOPLIST_KEY_UILaunchStoryboardName = LaunchScreen;
				INFOPLIST_KEY_UIMainStoryboardFile = Main;
				INFOPLIST_KEY_UISupportedInterfaceOrientations_iPad = "UIInterfaceOrientationPortrait UIInterfaceOrientationPortraitUpsideDown UIInterfaceOrientationLandscapeLeft UIInterfaceOrientationLandscapeRight";
				INFOPLIST_KEY_UISupportedInterfaceOrientations_iPhone = "UIInterfaceOrientationPortrait UIInterfaceOrientationLandscapeLeft UIInterfaceOrientationLandscapeRight";
				LD_RUNPATH_SEARCH_PATHS = (
					"$(inherited)",
					"@executable_path/Frameworks",
				);
				MARKETING_VERSION = 1.0;
				PRODUCT_BUNDLE_IDENTIFIER = com.yslee.TTV;
				PRODUCT_NAME = "$(TARGET_NAME)";
				SWIFT_EMIT_LOC_STRINGS = YES;
				SWIFT_VERSION = 5.0;
				TARGETED_DEVICE_FAMILY = "1,2";
			};
			name = Debug;
		};
		43411AC8284114DD003C5182 /* Release */ = {
			isa = XCBuildConfiguration;
			baseConfigurationReference = 6F91980BEF8DB4D3EC203D2E /* Pods-TTV.release.xcconfig */;
			buildSettings = {
				ASSETCATALOG_COMPILER_APPICON_NAME = AppIcon;
				ASSETCATALOG_COMPILER_GLOBAL_ACCENT_COLOR_NAME = AccentColor;
				CODE_SIGN_STYLE = Automatic;
				CURRENT_PROJECT_VERSION = 1;
				DEVELOPMENT_TEAM = "";
				GENERATE_INFOPLIST_FILE = YES;
				INFOPLIST_FILE = TTV/Resource/Info.plist;
				INFOPLIST_KEY_UIApplicationSupportsIndirectInputEvents = YES;
				INFOPLIST_KEY_UILaunchStoryboardName = LaunchScreen;
				INFOPLIST_KEY_UIMainStoryboardFile = Main;
				INFOPLIST_KEY_UISupportedInterfaceOrientations_iPad = "UIInterfaceOrientationPortrait UIInterfaceOrientationPortraitUpsideDown UIInterfaceOrientationLandscapeLeft UIInterfaceOrientationLandscapeRight";
				INFOPLIST_KEY_UISupportedInterfaceOrientations_iPhone = "UIInterfaceOrientationPortrait UIInterfaceOrientationLandscapeLeft UIInterfaceOrientationLandscapeRight";
				LD_RUNPATH_SEARCH_PATHS = (
					"$(inherited)",
					"@executable_path/Frameworks",
				);
				MARKETING_VERSION = 1.0;
				PRODUCT_BUNDLE_IDENTIFIER = com.yslee.TTV;
				PRODUCT_NAME = "$(TARGET_NAME)";
				SWIFT_EMIT_LOC_STRINGS = YES;
				SWIFT_VERSION = 5.0;
				TARGETED_DEVICE_FAMILY = "1,2";
			};
			name = Release;
		};
		43411ACA284114DD003C5182 /* Debug */ = {
			isa = XCBuildConfiguration;
			baseConfigurationReference = 9F09CB7973C5DFEE38AD9CB6 /* Pods-TTVTests.debug.xcconfig */;
			buildSettings = {
				ALWAYS_EMBED_SWIFT_STANDARD_LIBRARIES = YES;
				BUNDLE_LOADER = "$(TEST_HOST)";
				CODE_SIGN_STYLE = Automatic;
				CURRENT_PROJECT_VERSION = 1;
				GENERATE_INFOPLIST_FILE = YES;
				IPHONEOS_DEPLOYMENT_TARGET = 15.5;
				MARKETING_VERSION = 1.0;
				PRODUCT_BUNDLE_IDENTIFIER = com.yslee.TTVTests;
				PRODUCT_NAME = "$(TARGET_NAME)";
				SWIFT_EMIT_LOC_STRINGS = NO;
				SWIFT_VERSION = 5.0;
				TARGETED_DEVICE_FAMILY = "1,2";
				TEST_HOST = "$(BUILT_PRODUCTS_DIR)/TTV.app/TTV";
			};
			name = Debug;
		};
		43411ACB284114DD003C5182 /* Release */ = {
			isa = XCBuildConfiguration;
			baseConfigurationReference = 898B6BB17F857D4E5362C429 /* Pods-TTVTests.release.xcconfig */;
			buildSettings = {
				ALWAYS_EMBED_SWIFT_STANDARD_LIBRARIES = YES;
				BUNDLE_LOADER = "$(TEST_HOST)";
				CODE_SIGN_STYLE = Automatic;
				CURRENT_PROJECT_VERSION = 1;
				GENERATE_INFOPLIST_FILE = YES;
				IPHONEOS_DEPLOYMENT_TARGET = 15.5;
				MARKETING_VERSION = 1.0;
				PRODUCT_BUNDLE_IDENTIFIER = com.yslee.TTVTests;
				PRODUCT_NAME = "$(TARGET_NAME)";
				SWIFT_EMIT_LOC_STRINGS = NO;
				SWIFT_VERSION = 5.0;
				TARGETED_DEVICE_FAMILY = "1,2";
				TEST_HOST = "$(BUILT_PRODUCTS_DIR)/TTV.app/TTV";
			};
			name = Release;
		};
		43411ACD284114DD003C5182 /* Debug */ = {
			isa = XCBuildConfiguration;
			baseConfigurationReference = A5F650D33E0D01C3FE656B40 /* Pods-TTV-TTVUITests.debug.xcconfig */;
			buildSettings = {
				ALWAYS_EMBED_SWIFT_STANDARD_LIBRARIES = YES;
				CODE_SIGN_STYLE = Automatic;
				CURRENT_PROJECT_VERSION = 1;
				GENERATE_INFOPLIST_FILE = YES;
				MARKETING_VERSION = 1.0;
				PRODUCT_BUNDLE_IDENTIFIER = com.yslee.TTVUITests;
				PRODUCT_NAME = "$(TARGET_NAME)";
				SWIFT_EMIT_LOC_STRINGS = NO;
				SWIFT_VERSION = 5.0;
				TARGETED_DEVICE_FAMILY = "1,2";
				TEST_TARGET_NAME = TTV;
			};
			name = Debug;
		};
		43411ACE284114DD003C5182 /* Release */ = {
			isa = XCBuildConfiguration;
			baseConfigurationReference = 3E4E11F54AAACA8B15726CF1 /* Pods-TTV-TTVUITests.release.xcconfig */;
			buildSettings = {
				ALWAYS_EMBED_SWIFT_STANDARD_LIBRARIES = YES;
				CODE_SIGN_STYLE = Automatic;
				CURRENT_PROJECT_VERSION = 1;
				GENERATE_INFOPLIST_FILE = YES;
				MARKETING_VERSION = 1.0;
				PRODUCT_BUNDLE_IDENTIFIER = com.yslee.TTVUITests;
				PRODUCT_NAME = "$(TARGET_NAME)";
				SWIFT_EMIT_LOC_STRINGS = NO;
				SWIFT_VERSION = 5.0;
				TARGETED_DEVICE_FAMILY = "1,2";
				TEST_TARGET_NAME = TTV;
			};
			name = Release;
		};
/* End XCBuildConfiguration section */

/* Begin XCConfigurationList section */
		43411A97284114DB003C5182 /* Build configuration list for PBXProject "TTV" */ = {
			isa = XCConfigurationList;
			buildConfigurations = (
				43411AC4284114DD003C5182 /* Debug */,
				43411AC5284114DD003C5182 /* Release */,
			);
			defaultConfigurationIsVisible = 0;
			defaultConfigurationName = Release;
		};
		43411AC6284114DD003C5182 /* Build configuration list for PBXNativeTarget "TTV" */ = {
			isa = XCConfigurationList;
			buildConfigurations = (
				43411AC7284114DD003C5182 /* Debug */,
				43411AC8284114DD003C5182 /* Release */,
			);
			defaultConfigurationIsVisible = 0;
			defaultConfigurationName = Release;
		};
		43411AC9284114DD003C5182 /* Build configuration list for PBXNativeTarget "TTVTests" */ = {
			isa = XCConfigurationList;
			buildConfigurations = (
				43411ACA284114DD003C5182 /* Debug */,
				43411ACB284114DD003C5182 /* Release */,
			);
			defaultConfigurationIsVisible = 0;
			defaultConfigurationName = Release;
		};
		43411ACC284114DD003C5182 /* Build configuration list for PBXNativeTarget "TTVUITests" */ = {
			isa = XCConfigurationList;
			buildConfigurations = (
				43411ACD284114DD003C5182 /* Debug */,
				43411ACE284114DD003C5182 /* Release */,
			);
			defaultConfigurationIsVisible = 0;
			defaultConfigurationName = Release;
		};
/* End XCConfigurationList section */
	};
	rootObject = 43411A94284114DB003C5182 /* Project object */;
}
