PODS:
  - RxRelay (6.5.0):
    - RxSwift (= 6.5.0)
  - RxSwift (6.5.0)
  - SnapKit (5.6.0)

DEPENDENCIES:
  - RxRelay
  - RxSwift
  - SnapKit

SPEC REPOS:
  trunk:
    - RxRelay
    - RxSwift
    - SnapKit

SPEC CHECKSUMS:
  RxRelay: 1de1523e604c72b6c68feadedd1af3b1b4d0ecbd
  RxSwift: 5710a9e6b17f3c3d6e40d6e559b9fa1e813b2ef8
  SnapKit: e01d52ebb8ddbc333eefe2132acf85c8227d9c25

PODFILE CHECKSUM: f461ccb864deb2c09fdc91d0b06567c9713f08f7

COCOAPODS: 1.11.3
