PODS:
  - RxCocoa (6.5.0):
    - RxRelay (= 6.5.0)
    - RxSwift (= 6.5.0)
  - RxRelay (6.5.0):
    - RxSwift (= 6.5.0)
  - RxSwift (6.5.0)
  - RxTest (6.5.0):
    - RxSwift (= 6.5.0)
  - SnapKit (5.6.0)

DEPENDENCIES:
  - RxCocoa
  - RxRelay
  - RxSwift
  - RxTest
  - SnapKit

SPEC REPOS:
  trunk:
    - RxCocoa
    - RxRelay
    - RxSwift
    - RxTest
    - SnapKit

SPEC CHECKSUMS:
  RxCocoa: 94f817b71c07517321eb4f9ad299112ca8af743b
  RxRelay: 1de1523e604c72b6c68feadedd1af3b1b4d0ecbd
  RxSwift: 5710a9e6b17f3c3d6e40d6e559b9fa1e813b2ef8
  RxTest: eb2d23adefc5a5ebf5779c7792fa3edfe6ebcc17
  SnapKit: e01d52ebb8ddbc333eefe2132acf85c8227d9c25

PODFILE CHECKSUM: 90e2c967b01ad0604102cbd69220962fa03966de

COCOAPODS: 1.11.3
